
Microsoft Visual Studio Solution File, Format Version 12.00
# Visual Studio Version 17
VisualStudioVersion = 17.0.31717.71
MinimumVisualStudioVersion = 10.0.40219.1
Project("{2150E333-8FDC-42A3-9474-1A3956D46DE8}") = "src", "src", "{B600ECC3-80AA-43BF-B053-E16BA6F472DB}"
EndProject
Project("{2150E333-8FDC-42A3-9474-1A3956D46DE8}") = "Solution Items", "Solution Items", "{25B3901F-A746-4B33-A54D-38AAF713C38B}"
	ProjectSection(SolutionItems) = preProject
		README.md = README.md
	EndProjectSection
EndProject
Project("{2150E333-8FDC-42A3-9474-1A3956D46DE8}") = "examples", "examples", "{BB4B9D78-D27F-4200-81B0-5F254D02AAF6}"
EndProject
Project("{9A19103F-16F7-4668-BE54-9A1E7A4F7556}") = "DutchCoronaCheckUtils", "src\DutchCoronaCheckUtils\DutchCoronaCheckUtils.csproj", "{21E3FFC9-50AC-4B90-8271-EA09E855A054}"
EndProject
Project("{9A19103F-16F7-4668-BE54-9A1E7A4F7556}") = "ConsoleAppDecode", "examples\ConsoleApp1\ConsoleAppDecode.csproj", "{891B93FD-99A1-4B2C-9D2F-FCC4A070CE0C}"
EndProject
Global
	GlobalSection(SolutionConfigurationPlatforms) = preSolution
		Debug|Any CPU = Debug|Any CPU
		Release|Any CPU = Release|Any CPU
	EndGlobalSection
	GlobalSection(ProjectConfigurationPlatforms) = postSolution
		{21E3FFC9-50AC-4B90-8271-EA09E855A054}.Debug|Any CPU.ActiveCfg = Debug|Any CPU
		{21E3FFC9-50AC-4B90-8271-EA09E855A054}.Debug|Any CPU.Build.0 = Debug|Any CPU
		{21E3FFC9-50AC-4B90-8271-EA09E855A054}.Release|Any CPU.ActiveCfg = Release|Any CPU
		{21E3FFC9-50AC-4B90-8271-EA09E855A054}.Release|Any CPU.Build.0 = Release|Any CPU
		{891B93FD-99A1-4B2C-9D2F-FCC4A070CE0C}.Debug|Any CPU.ActiveCfg = Debug|Any CPU
		{891B93FD-99A1-4B2C-9D2F-FCC4A070CE0C}.Debug|Any CPU.Build.0 = Debug|Any CPU
		{891B93FD-99A1-4B2C-9D2F-FCC4A070CE0C}.Release|Any CPU.ActiveCfg = Release|Any CPU
		{891B93FD-99A1-4B2C-9D2F-FCC4A070CE0C}.Release|Any CPU.Build.0 = Release|Any CPU
	EndGlobalSection
	GlobalSection(SolutionProperties) = preSolution
		HideSolutionNode = FALSE
	EndGlobalSection
	GlobalSection(NestedProjects) = preSolution
		{21E3FFC9-50AC-4B90-8271-EA09E855A054} = {B600ECC3-80AA-43BF-B053-E16BA6F472DB}
		{891B93FD-99A1-4B2C-9D2F-FCC4A070CE0C} = {BB4B9D78-D27F-4200-81B0-5F254D02AAF6}
	EndGlobalSection
	GlobalSection(ExtensibilityGlobals) = postSolution
		SolutionGuid = {1CB2021A-24B6-47C6-8578-67B2003009AA}
	EndGlobalSection
EndGlobal
